
Microsoft Visual Studio Solution File, Format Version 12.00
# Visual Studio Version 16
VisualStudioVersion = 16.0.30011.22
MinimumVisualStudioVersion = 10.0.40219.1
Project("{FAE04EC0-301F-11D3-BF4B-00C04F79EFBC}") = "TriangleClassification", "TriangleClassification\TriangleClassification.csproj", "{292B0D2D-AED2-4338-98E2-9BDCD30F7D8D}"
EndProject
Project("{FAE04EC0-301F-11D3-BF4B-00C04F79EFBC}") = "NUnitTestProject1", "NUnitTestProject1\NUnitTestProject1.csproj", "{2EE78C77-9BAF-4A69-9532-8DAB71C915C5}"
EndProject
Global
	GlobalSection(SolutionConfigurationPlatforms) = preSolution
		Debug|Any CPU = Debug|Any CPU
		Release|Any CPU = Release|Any CPU
	EndGlobalSection
	GlobalSection(ProjectConfigurationPlatforms) = postSolution
		{292B0D2D-AED2-4338-98E2-9BDCD30F7D8D}.Debug|Any CPU.ActiveCfg = Debug|Any CPU
		{292B0D2D-AED2-4338-98E2-9BDCD30F7D8D}.Debug|Any CPU.Build.0 = Debug|Any CPU
		{292B0D2D-AED2-4338-98E2-9BDCD30F7D8D}.Release|Any CPU.ActiveCfg = Release|Any CPU
		{292B0D2D-AED2-4338-98E2-9BDCD30F7D8D}.Release|Any CPU.Build.0 = Release|Any CPU
		{2EE78C77-9BAF-4A69-9532-8DAB71C915C5}.Debug|Any CPU.ActiveCfg = Debug|Any CPU
		{2EE78C77-9BAF-4A69-9532-8DAB71C915C5}.Debug|Any CPU.Build.0 = Debug|Any CPU
		{2EE78C77-9BAF-4A69-9532-8DAB71C915C5}.Release|Any CPU.ActiveCfg = Release|Any CPU
		{2EE78C77-9BAF-4A69-9532-8DAB71C915C5}.Release|Any CPU.Build.0 = Release|Any CPU
	EndGlobalSection
	GlobalSection(SolutionProperties) = preSolution
		HideSolutionNode = FALSE
	EndGlobalSection
	GlobalSection(ExtensibilityGlobals) = postSolution
		SolutionGuid = {69953025-7FE6-466E-9295-30F2E054A624}
	EndGlobalSection
EndGlobal
