
Microsoft Visual Studio Solution File, Format Version 12.00
# Visual Studio Version 16
VisualStudioVersion = 16.0.30011.22
MinimumVisualStudioVersion = 10.0.40219.1
Project("{FAE04EC0-301F-11D3-BF4B-00C04F79EFBC}") = "TimSoNguyenTo", "TimSoNguyenTo.csproj", "{29BBE344-1DA4-431E-BB48-E2B03AA77163}"
EndProject
Global
	GlobalSection(SolutionConfigurationPlatforms) = preSolution
		Debug|Any CPU = Debug|Any CPU
		Release|Any CPU = Release|Any CPU
	EndGlobalSection
	GlobalSection(ProjectConfigurationPlatforms) = postSolution
		{29BBE344-1DA4-431E-BB48-E2B03AA77163}.Debug|Any CPU.ActiveCfg = Debug|Any CPU
		{29BBE344-1DA4-431E-BB48-E2B03AA77163}.Debug|Any CPU.Build.0 = Debug|Any CPU
		{29BBE344-1DA4-431E-BB48-E2B03AA77163}.Release|Any CPU.ActiveCfg = Release|Any CPU
		{29BBE344-1DA4-431E-BB48-E2B03AA77163}.Release|Any CPU.Build.0 = Release|Any CPU
	EndGlobalSection
	GlobalSection(SolutionProperties) = preSolution
		HideSolutionNode = FALSE
	EndGlobalSection
	GlobalSection(ExtensibilityGlobals) = postSolution
		SolutionGuid = {B507F8AD-FFE9-407D-B8E2-7B0D0465CE32}
	EndGlobalSection
EndGlobal
