
Microsoft Visual Studio Solution File, Format Version 12.00
# Visual Studio Version 16
VisualStudioVersion = 16.0.30011.22
MinimumVisualStudioVersion = 10.0.40219.1
Project("{FAE04EC0-301F-11D3-BF4B-00C04F79EFBC}") = "BubbleSort", "BubbleSort.csproj", "{DB9854DE-BFA8-4020-A493-41EE65F02817}"
EndProject
Global
	GlobalSection(SolutionConfigurationPlatforms) = preSolution
		Debug|Any CPU = Debug|Any CPU
		Release|Any CPU = Release|Any CPU
	EndGlobalSection
	GlobalSection(ProjectConfigurationPlatforms) = postSolution
		{DB9854DE-BFA8-4020-A493-41EE65F02817}.Debug|Any CPU.ActiveCfg = Debug|Any CPU
		{DB9854DE-BFA8-4020-A493-41EE65F02817}.Debug|Any CPU.Build.0 = Debug|Any CPU
		{DB9854DE-BFA8-4020-A493-41EE65F02817}.Release|Any CPU.ActiveCfg = Release|Any CPU
		{DB9854DE-BFA8-4020-A493-41EE65F02817}.Release|Any CPU.Build.0 = Release|Any CPU
	EndGlobalSection
	GlobalSection(SolutionProperties) = preSolution
		HideSolutionNode = FALSE
	EndGlobalSection
	GlobalSection(ExtensibilityGlobals) = postSolution
		SolutionGuid = {84896836-DD52-4D6B-B78E-37CF4B7AAB02}
	EndGlobalSection
EndGlobal
