
Microsoft Visual Studio Solution File, Format Version 12.00
# Visual Studio Version 16
VisualStudioVersion = 16.0.30011.22
MinimumVisualStudioVersion = 10.0.40219.1
Project("{FAE04EC0-301F-11D3-BF4B-00C04F79EFBC}") = "ASP_insertion_sort", "ASP_insertion_sort.csproj", "{89A064A2-951E-4081-882A-167923663CA8}"
EndProject
Global
	GlobalSection(SolutionConfigurationPlatforms) = preSolution
		Debug|Any CPU = Debug|Any CPU
		Release|Any CPU = Release|Any CPU
	EndGlobalSection
	GlobalSection(ProjectConfigurationPlatforms) = postSolution
		{89A064A2-951E-4081-882A-167923663CA8}.Debug|Any CPU.ActiveCfg = Debug|Any CPU
		{89A064A2-951E-4081-882A-167923663CA8}.Debug|Any CPU.Build.0 = Debug|Any CPU
		{89A064A2-951E-4081-882A-167923663CA8}.Release|Any CPU.ActiveCfg = Release|Any CPU
		{89A064A2-951E-4081-882A-167923663CA8}.Release|Any CPU.Build.0 = Release|Any CPU
	EndGlobalSection
	GlobalSection(SolutionProperties) = preSolution
		HideSolutionNode = FALSE
	EndGlobalSection
	GlobalSection(ExtensibilityGlobals) = postSolution
		SolutionGuid = {1050F1B3-5CCB-41C4-8060-B077A0DB51D1}
	EndGlobalSection
EndGlobal
