
Microsoft Visual Studio Solution File, Format Version 12.00
# Visual Studio Version 16
VisualStudioVersion = 16.0.29920.165
MinimumVisualStudioVersion = 10.0.40219.1
Project("{FAE04EC0-301F-11D3-BF4B-00C04F79EFBC}") = "TimPhanTuLonNhatTrongMang2Chieu", "TimPhanTuLonNhatTrongMang2Chieu.csproj", "{DF37AD70-F230-47D0-A507-BAE5165950A8}"
EndProject
Global
	GlobalSection(SolutionConfigurationPlatforms) = preSolution
		Debug|Any CPU = Debug|Any CPU
		Release|Any CPU = Release|Any CPU
	EndGlobalSection
	GlobalSection(ProjectConfigurationPlatforms) = postSolution
		{DF37AD70-F230-47D0-A507-BAE5165950A8}.Debug|Any CPU.ActiveCfg = Debug|Any CPU
		{DF37AD70-F230-47D0-A507-BAE5165950A8}.Debug|Any CPU.Build.0 = Debug|Any CPU
		{DF37AD70-F230-47D0-A507-BAE5165950A8}.Release|Any CPU.ActiveCfg = Release|Any CPU
		{DF37AD70-F230-47D0-A507-BAE5165950A8}.Release|Any CPU.Build.0 = Release|Any CPU
	EndGlobalSection
	GlobalSection(SolutionProperties) = preSolution
		HideSolutionNode = FALSE
	EndGlobalSection
	GlobalSection(ExtensibilityGlobals) = postSolution
		SolutionGuid = {BB0C173C-14AD-4C60-866D-5D512FD0A470}
	EndGlobalSection
EndGlobal
