
Microsoft Visual Studio Solution File, Format Version 12.00
# Visual Studio Version 16
VisualStudioVersion = 16.0.29920.165
MinimumVisualStudioVersion = 10.0.40219.1
Project("{FAE04EC0-301F-11D3-BF4B-00C04F79EFBC}") = "StaticMethod", "StaticMethod.csproj", "{1A72C6F5-F074-4B56-B67C-E8A2B6D80C8F}"
EndProject
Global
	GlobalSection(SolutionConfigurationPlatforms) = preSolution
		Debug|Any CPU = Debug|Any CPU
		Release|Any CPU = Release|Any CPU
	EndGlobalSection
	GlobalSection(ProjectConfigurationPlatforms) = postSolution
		{1A72C6F5-F074-4B56-B67C-E8A2B6D80C8F}.Debug|Any CPU.ActiveCfg = Debug|Any CPU
		{1A72C6F5-F074-4B56-B67C-E8A2B6D80C8F}.Debug|Any CPU.Build.0 = Debug|Any CPU
		{1A72C6F5-F074-4B56-B67C-E8A2B6D80C8F}.Release|Any CPU.ActiveCfg = Release|Any CPU
		{1A72C6F5-F074-4B56-B67C-E8A2B6D80C8F}.Release|Any CPU.Build.0 = Release|Any CPU
	EndGlobalSection
	GlobalSection(SolutionProperties) = preSolution
		HideSolutionNode = FALSE
	EndGlobalSection
	GlobalSection(ExtensibilityGlobals) = postSolution
		SolutionGuid = {AD3CBCFA-EE98-4841-82A5-B62569CD5FB0}
	EndGlobalSection
EndGlobal
