
Microsoft Visual Studio Solution File, Format Version 12.00
# Visual Studio Version 16
VisualStudioVersion = 16.0.29920.165
MinimumVisualStudioVersion = 10.0.40219.1
Project("{FAE04EC0-301F-11D3-BF4B-00C04F79EFBC}") = "TinhSoNgayTrongThang", "TinhSoNgayTrongThang.csproj", "{27C779CF-4DA5-4B62-A850-A34E66617D71}"
EndProject
Global
	GlobalSection(SolutionConfigurationPlatforms) = preSolution
		Debug|Any CPU = Debug|Any CPU
		Release|Any CPU = Release|Any CPU
	EndGlobalSection
	GlobalSection(ProjectConfigurationPlatforms) = postSolution
		{27C779CF-4DA5-4B62-A850-A34E66617D71}.Debug|Any CPU.ActiveCfg = Debug|Any CPU
		{27C779CF-4DA5-4B62-A850-A34E66617D71}.Debug|Any CPU.Build.0 = Debug|Any CPU
		{27C779CF-4DA5-4B62-A850-A34E66617D71}.Release|Any CPU.ActiveCfg = Release|Any CPU
		{27C779CF-4DA5-4B62-A850-A34E66617D71}.Release|Any CPU.Build.0 = Release|Any CPU
	EndGlobalSection
	GlobalSection(SolutionProperties) = preSolution
		HideSolutionNode = FALSE
	EndGlobalSection
	GlobalSection(ExtensibilityGlobals) = postSolution
		SolutionGuid = {6C8F093C-7E12-4661-BB61-D7F3FE4A2631}
	EndGlobalSection
EndGlobal
