
Microsoft Visual Studio Solution File, Format Version 12.00
# Visual Studio Version 16
VisualStudioVersion = 16.0.30011.22
MinimumVisualStudioVersion = 10.0.40219.1
Project("{FAE04EC0-301F-11D3-BF4B-00C04F79EFBC}") = "HighSchoolStudents", "HighSchoolStudents.csproj", "{AE915DCE-88AF-4A36-A577-5815D398D9D3}"
EndProject
Global
	GlobalSection(SolutionConfigurationPlatforms) = preSolution
		Debug|Any CPU = Debug|Any CPU
		Release|Any CPU = Release|Any CPU
	EndGlobalSection
	GlobalSection(ProjectConfigurationPlatforms) = postSolution
		{AE915DCE-88AF-4A36-A577-5815D398D9D3}.Debug|Any CPU.ActiveCfg = Debug|Any CPU
		{AE915DCE-88AF-4A36-A577-5815D398D9D3}.Debug|Any CPU.Build.0 = Debug|Any CPU
		{AE915DCE-88AF-4A36-A577-5815D398D9D3}.Release|Any CPU.ActiveCfg = Release|Any CPU
		{AE915DCE-88AF-4A36-A577-5815D398D9D3}.Release|Any CPU.Build.0 = Release|Any CPU
	EndGlobalSection
	GlobalSection(SolutionProperties) = preSolution
		HideSolutionNode = FALSE
	EndGlobalSection
	GlobalSection(ExtensibilityGlobals) = postSolution
		SolutionGuid = {32E9FB0D-5D67-4B6C-A3C9-9F4C994E6873}
	EndGlobalSection
EndGlobal
