
Microsoft Visual Studio Solution File, Format Version 12.00
# Visual Studio Version 16
VisualStudioVersion = 16.0.29920.165
MinimumVisualStudioVersion = 10.0.40219.1
Project("{FAE04EC0-301F-11D3-BF4B-00C04F79EFBC}") = "TimGiaTriLonNhatTrongMang", "TimGiaTriLonNhatTrongMang.csproj", "{5C9466A6-6354-40D4-8C08-C6CF1CAF9D04}"
EndProject
Global
	GlobalSection(SolutionConfigurationPlatforms) = preSolution
		Debug|Any CPU = Debug|Any CPU
		Release|Any CPU = Release|Any CPU
	EndGlobalSection
	GlobalSection(ProjectConfigurationPlatforms) = postSolution
		{5C9466A6-6354-40D4-8C08-C6CF1CAF9D04}.Debug|Any CPU.ActiveCfg = Debug|Any CPU
		{5C9466A6-6354-40D4-8C08-C6CF1CAF9D04}.Debug|Any CPU.Build.0 = Debug|Any CPU
		{5C9466A6-6354-40D4-8C08-C6CF1CAF9D04}.Release|Any CPU.ActiveCfg = Release|Any CPU
		{5C9466A6-6354-40D4-8C08-C6CF1CAF9D04}.Release|Any CPU.Build.0 = Release|Any CPU
	EndGlobalSection
	GlobalSection(SolutionProperties) = preSolution
		HideSolutionNode = FALSE
	EndGlobalSection
	GlobalSection(ExtensibilityGlobals) = postSolution
		SolutionGuid = {D4AC867F-2F56-42F6-99C1-97734EAFE962}
	EndGlobalSection
EndGlobal
