
Microsoft Visual Studio Solution File, Format Version 12.00
# Visual Studio Version 16
VisualStudioVersion = 16.0.29920.165
MinimumVisualStudioVersion = 10.0.40219.1
Project("{FAE04EC0-301F-11D3-BF4B-00C04F79EFBC}") = "TinhDienTichHinhChuNhat", "TinhDienTichHinhChuNhat.csproj", "{78060C7D-605E-40F4-B135-F944C0CB13CC}"
EndProject
Global
	GlobalSection(SolutionConfigurationPlatforms) = preSolution
		Debug|Any CPU = Debug|Any CPU
		Release|Any CPU = Release|Any CPU
	EndGlobalSection
	GlobalSection(ProjectConfigurationPlatforms) = postSolution
		{78060C7D-605E-40F4-B135-F944C0CB13CC}.Debug|Any CPU.ActiveCfg = Debug|Any CPU
		{78060C7D-605E-40F4-B135-F944C0CB13CC}.Debug|Any CPU.Build.0 = Debug|Any CPU
		{78060C7D-605E-40F4-B135-F944C0CB13CC}.Release|Any CPU.ActiveCfg = Release|Any CPU
		{78060C7D-605E-40F4-B135-F944C0CB13CC}.Release|Any CPU.Build.0 = Release|Any CPU
	EndGlobalSection
	GlobalSection(SolutionProperties) = preSolution
		HideSolutionNode = FALSE
	EndGlobalSection
	GlobalSection(ExtensibilityGlobals) = postSolution
		SolutionGuid = {D1F23659-2E21-4148-9A1E-894015ADC6F5}
	EndGlobalSection
EndGlobal
