
Microsoft Visual Studio Solution File, Format Version 12.00
# Visual Studio Version 16
VisualStudioVersion = 16.0.29920.165
MinimumVisualStudioVersion = 10.0.40219.1
Project("{FAE04EC0-301F-11D3-BF4B-00C04F79EFBC}") = "TimUocSoChungLonNhat", "TimUocSoChungLonNhat.csproj", "{0CFFEE6C-1F74-40BB-9CC6-B532EC70B246}"
EndProject
Global
	GlobalSection(SolutionConfigurationPlatforms) = preSolution
		Debug|Any CPU = Debug|Any CPU
		Release|Any CPU = Release|Any CPU
	EndGlobalSection
	GlobalSection(ProjectConfigurationPlatforms) = postSolution
		{0CFFEE6C-1F74-40BB-9CC6-B532EC70B246}.Debug|Any CPU.ActiveCfg = Debug|Any CPU
		{0CFFEE6C-1F74-40BB-9CC6-B532EC70B246}.Debug|Any CPU.Build.0 = Debug|Any CPU
		{0CFFEE6C-1F74-40BB-9CC6-B532EC70B246}.Release|Any CPU.ActiveCfg = Release|Any CPU
		{0CFFEE6C-1F74-40BB-9CC6-B532EC70B246}.Release|Any CPU.Build.0 = Release|Any CPU
	EndGlobalSection
	GlobalSection(SolutionProperties) = preSolution
		HideSolutionNode = FALSE
	EndGlobalSection
	GlobalSection(ExtensibilityGlobals) = postSolution
		SolutionGuid = {D57E4F3B-E647-4144-B05B-13A118A7626A}
	EndGlobalSection
EndGlobal
