
Microsoft Visual Studio Solution File, Format Version 12.00
# Visual Studio Version 16
VisualStudioVersion = 16.0.29920.165
MinimumVisualStudioVersion = 10.0.40219.1
Project("{FAE04EC0-301F-11D3-BF4B-00C04F79EFBC}") = "KhaiBaoVaSuDungBien", "KhaiBaoVaSuDungBien.csproj", "{C0CFD0E3-3FE9-4B08-AE8C-6EEB9528D52C}"
EndProject
Global
	GlobalSection(SolutionConfigurationPlatforms) = preSolution
		Debug|Any CPU = Debug|Any CPU
		Release|Any CPU = Release|Any CPU
	EndGlobalSection
	GlobalSection(ProjectConfigurationPlatforms) = postSolution
		{C0CFD0E3-3FE9-4B08-AE8C-6EEB9528D52C}.Debug|Any CPU.ActiveCfg = Debug|Any CPU
		{C0CFD0E3-3FE9-4B08-AE8C-6EEB9528D52C}.Debug|Any CPU.Build.0 = Debug|Any CPU
		{C0CFD0E3-3FE9-4B08-AE8C-6EEB9528D52C}.Release|Any CPU.ActiveCfg = Release|Any CPU
		{C0CFD0E3-3FE9-4B08-AE8C-6EEB9528D52C}.Release|Any CPU.Build.0 = Release|Any CPU
	EndGlobalSection
	GlobalSection(SolutionProperties) = preSolution
		HideSolutionNode = FALSE
	EndGlobalSection
	GlobalSection(ExtensibilityGlobals) = postSolution
		SolutionGuid = {FE48BC79-E5A2-4F49-B846-578FE66F7DA7}
	EndGlobalSection
EndGlobal
