
Microsoft Visual Studio Solution File, Format Version 12.00
# Visual Studio Version 16
VisualStudioVersion = 16.0.30011.22
MinimumVisualStudioVersion = 10.0.40219.1
Project("{9A19103F-16F7-4668-BE54-9A1E7A4F7556}") = "refactoring-variable-extraction", "refactoring-variable-extraction.csproj", "{18CA4D64-7232-4984-BA38-30875315BD79}"
EndProject
Global
	GlobalSection(SolutionConfigurationPlatforms) = preSolution
		Debug|Any CPU = Debug|Any CPU
		Release|Any CPU = Release|Any CPU
	EndGlobalSection
	GlobalSection(ProjectConfigurationPlatforms) = postSolution
		{18CA4D64-7232-4984-BA38-30875315BD79}.Debug|Any CPU.ActiveCfg = Debug|Any CPU
		{18CA4D64-7232-4984-BA38-30875315BD79}.Debug|Any CPU.Build.0 = Debug|Any CPU
		{18CA4D64-7232-4984-BA38-30875315BD79}.Release|Any CPU.ActiveCfg = Release|Any CPU
		{18CA4D64-7232-4984-BA38-30875315BD79}.Release|Any CPU.Build.0 = Release|Any CPU
	EndGlobalSection
	GlobalSection(SolutionProperties) = preSolution
		HideSolutionNode = FALSE
	EndGlobalSection
	GlobalSection(ExtensibilityGlobals) = postSolution
		SolutionGuid = {DFC23EDF-97D1-40D6-8C22-2F78B306A7AA}
	EndGlobalSection
EndGlobal
