
Microsoft Visual Studio Solution File, Format Version 12.00
# Visual Studio Version 16
VisualStudioVersion = 16.0.30011.22
MinimumVisualStudioVersion = 10.0.40219.1
Project("{FAE04EC0-301F-11D3-BF4B-00C04F79EFBC}") = "ASP_selection_sort", "ASP_selection_sort.csproj", "{72E3AD1D-5CE8-4AE1-8F27-D6B08570D026}"
EndProject
Global
	GlobalSection(SolutionConfigurationPlatforms) = preSolution
		Debug|Any CPU = Debug|Any CPU
		Release|Any CPU = Release|Any CPU
	EndGlobalSection
	GlobalSection(ProjectConfigurationPlatforms) = postSolution
		{72E3AD1D-5CE8-4AE1-8F27-D6B08570D026}.Debug|Any CPU.ActiveCfg = Debug|Any CPU
		{72E3AD1D-5CE8-4AE1-8F27-D6B08570D026}.Debug|Any CPU.Build.0 = Debug|Any CPU
		{72E3AD1D-5CE8-4AE1-8F27-D6B08570D026}.Release|Any CPU.ActiveCfg = Release|Any CPU
		{72E3AD1D-5CE8-4AE1-8F27-D6B08570D026}.Release|Any CPU.Build.0 = Release|Any CPU
	EndGlobalSection
	GlobalSection(SolutionProperties) = preSolution
		HideSolutionNode = FALSE
	EndGlobalSection
	GlobalSection(ExtensibilityGlobals) = postSolution
		SolutionGuid = {9394F442-6622-4726-BEBF-78B38183FD21}
	EndGlobalSection
EndGlobal
