
Microsoft Visual Studio Solution File, Format Version 12.00
# Visual Studio Version 16
VisualStudioVersion = 16.0.30011.22
MinimumVisualStudioVersion = 10.0.40219.1
Project("{FAE04EC0-301F-11D3-BF4B-00C04F79EFBC}") = "ValidateEmail", "ValidateEmail.csproj", "{548B2E44-E04E-43A7-BDC7-A0903B0A3FC3}"
EndProject
Global
	GlobalSection(SolutionConfigurationPlatforms) = preSolution
		Debug|Any CPU = Debug|Any CPU
		Release|Any CPU = Release|Any CPU
	EndGlobalSection
	GlobalSection(ProjectConfigurationPlatforms) = postSolution
		{548B2E44-E04E-43A7-BDC7-A0903B0A3FC3}.Debug|Any CPU.ActiveCfg = Debug|Any CPU
		{548B2E44-E04E-43A7-BDC7-A0903B0A3FC3}.Debug|Any CPU.Build.0 = Debug|Any CPU
		{548B2E44-E04E-43A7-BDC7-A0903B0A3FC3}.Release|Any CPU.ActiveCfg = Release|Any CPU
		{548B2E44-E04E-43A7-BDC7-A0903B0A3FC3}.Release|Any CPU.Build.0 = Release|Any CPU
	EndGlobalSection
	GlobalSection(SolutionProperties) = preSolution
		HideSolutionNode = FALSE
	EndGlobalSection
	GlobalSection(ExtensibilityGlobals) = postSolution
		SolutionGuid = {C170FBB6-FB2B-4EF3-A687-B0186728C115}
	EndGlobalSection
EndGlobal
