
Microsoft Visual Studio Solution File, Format Version 12.00
# Visual Studio Version 16
VisualStudioVersion = 16.0.30011.22
MinimumVisualStudioVersion = 10.0.40219.1
Project("{FAE04EC0-301F-11D3-BF4B-00C04F79EFBC}") = "Cau2", "Cau2.csproj", "{3CCCE01F-02CD-48DE-AFB9-D3B56DDDE29D}"
EndProject
Global
	GlobalSection(SolutionConfigurationPlatforms) = preSolution
		Debug|Any CPU = Debug|Any CPU
		Release|Any CPU = Release|Any CPU
	EndGlobalSection
	GlobalSection(ProjectConfigurationPlatforms) = postSolution
		{3CCCE01F-02CD-48DE-AFB9-D3B56DDDE29D}.Debug|Any CPU.ActiveCfg = Debug|Any CPU
		{3CCCE01F-02CD-48DE-AFB9-D3B56DDDE29D}.Debug|Any CPU.Build.0 = Debug|Any CPU
		{3CCCE01F-02CD-48DE-AFB9-D3B56DDDE29D}.Release|Any CPU.ActiveCfg = Release|Any CPU
		{3CCCE01F-02CD-48DE-AFB9-D3B56DDDE29D}.Release|Any CPU.Build.0 = Release|Any CPU
	EndGlobalSection
	GlobalSection(SolutionProperties) = preSolution
		HideSolutionNode = FALSE
	EndGlobalSection
	GlobalSection(ExtensibilityGlobals) = postSolution
		SolutionGuid = {E4FA3787-C30F-4ECC-81EE-B1440B9ED871}
	EndGlobalSection
EndGlobal
