
Microsoft Visual Studio Solution File, Format Version 12.00
# Visual Studio Version 16
VisualStudioVersion = 16.0.30011.22
MinimumVisualStudioVersion = 10.0.40219.1
Project("{FAE04EC0-301F-11D3-BF4B-00C04F79EFBC}") = "Bai1", "Bai1\Bai1.csproj", "{93F84A0E-2642-4873-A685-9F7D5051CE6A}"
EndProject
Global
	GlobalSection(SolutionConfigurationPlatforms) = preSolution
		Debug|Any CPU = Debug|Any CPU
		Release|Any CPU = Release|Any CPU
	EndGlobalSection
	GlobalSection(ProjectConfigurationPlatforms) = postSolution
		{93F84A0E-2642-4873-A685-9F7D5051CE6A}.Debug|Any CPU.ActiveCfg = Debug|Any CPU
		{93F84A0E-2642-4873-A685-9F7D5051CE6A}.Debug|Any CPU.Build.0 = Debug|Any CPU
		{93F84A0E-2642-4873-A685-9F7D5051CE6A}.Release|Any CPU.ActiveCfg = Release|Any CPU
		{93F84A0E-2642-4873-A685-9F7D5051CE6A}.Release|Any CPU.Build.0 = Release|Any CPU
	EndGlobalSection
	GlobalSection(SolutionProperties) = preSolution
		HideSolutionNode = FALSE
	EndGlobalSection
	GlobalSection(ExtensibilityGlobals) = postSolution
		SolutionGuid = {9AE907FE-466D-4A8C-85D1-072462B8D9D4}
	EndGlobalSection
EndGlobal
