
Microsoft Visual Studio Solution File, Format Version 12.00
# Visual Studio Version 16
VisualStudioVersion = 16.0.29920.165
MinimumVisualStudioVersion = 10.0.40219.1
Project("{FAE04EC0-301F-11D3-BF4B-00C04F79EFBC}") = "LopHinhChuNhat", "LopHinhChuNhat.csproj", "{945856D5-1F00-498A-8ECD-1463E15380D4}"
EndProject
Global
	GlobalSection(SolutionConfigurationPlatforms) = preSolution
		Debug|Any CPU = Debug|Any CPU
		Release|Any CPU = Release|Any CPU
	EndGlobalSection
	GlobalSection(ProjectConfigurationPlatforms) = postSolution
		{945856D5-1F00-498A-8ECD-1463E15380D4}.Debug|Any CPU.ActiveCfg = Debug|Any CPU
		{945856D5-1F00-498A-8ECD-1463E15380D4}.Debug|Any CPU.Build.0 = Debug|Any CPU
		{945856D5-1F00-498A-8ECD-1463E15380D4}.Release|Any CPU.ActiveCfg = Release|Any CPU
		{945856D5-1F00-498A-8ECD-1463E15380D4}.Release|Any CPU.Build.0 = Release|Any CPU
	EndGlobalSection
	GlobalSection(SolutionProperties) = preSolution
		HideSolutionNode = FALSE
	EndGlobalSection
	GlobalSection(ExtensibilityGlobals) = postSolution
		SolutionGuid = {55C28A98-5F4B-4517-A2F5-4C7021336974}
	EndGlobalSection
EndGlobal
