
Microsoft Visual Studio Solution File, Format Version 12.00
# Visual Studio Version 16
VisualStudioVersion = 16.0.29920.165
MinimumVisualStudioVersion = 10.0.40219.1
Project("{FAE04EC0-301F-11D3-BF4B-00C04F79EFBC}") = "QuadraticEquation", "QuadraticEquation.csproj", "{B88AEDBF-017A-47FE-9C8E-2EDFA99B4ADE}"
EndProject
Global
	GlobalSection(SolutionConfigurationPlatforms) = preSolution
		Debug|Any CPU = Debug|Any CPU
		Release|Any CPU = Release|Any CPU
	EndGlobalSection
	GlobalSection(ProjectConfigurationPlatforms) = postSolution
		{B88AEDBF-017A-47FE-9C8E-2EDFA99B4ADE}.Debug|Any CPU.ActiveCfg = Debug|Any CPU
		{B88AEDBF-017A-47FE-9C8E-2EDFA99B4ADE}.Debug|Any CPU.Build.0 = Debug|Any CPU
		{B88AEDBF-017A-47FE-9C8E-2EDFA99B4ADE}.Release|Any CPU.ActiveCfg = Release|Any CPU
		{B88AEDBF-017A-47FE-9C8E-2EDFA99B4ADE}.Release|Any CPU.Build.0 = Release|Any CPU
	EndGlobalSection
	GlobalSection(SolutionProperties) = preSolution
		HideSolutionNode = FALSE
	EndGlobalSection
	GlobalSection(ExtensibilityGlobals) = postSolution
		SolutionGuid = {034F3C0C-6CD8-4601-AC0B-0190F48BDBD4}
	EndGlobalSection
EndGlobal
